// !$*UTF8*$!
{
	archiveVersion = 1;
	classes = {
	};
	objectVersion = 77;
	objects = {

/* Begin PBXContainerItemProxy section */
		77EADA902DCA1DEC0088A77E /* PBXContainerItemProxy */ = {
			isa = PBXContainerItemProxy;
			containerPortal = 77EADA7A2DCA1DE90088A77E /* Project object */;
			proxyType = 1;
			remoteGlobalIDString = 77EADA812DCA1DE90088A77E;
			remoteInfo = SwiftUIMVVMFolderArchitecture;
		};
		77EADA9A2DCA1DEC0088A77E /* PBXContainerItemProxy */ = {
			isa = PBXContainerItemProxy;
			containerPortal = 77EADA7A2DCA1DE90088A77E /* Project object */;
			proxyType = 1;
			remoteGlobalIDString = 77EADA812DCA1DE90088A77E;
			remoteInfo = SwiftUIMVVMFolderArchitecture;
		};
/* End PBXContainerItemProxy section */

/* Begin PBXFileReference section */
		77EADA822DCA1DE90088A77E /* SwiftUIMVVMFolderArchitecture.app */ = {isa = PBXFileReference; explicitFileType = wrapper.application; includeInIndex = 0; path = SwiftUIMVVMFolderArchitecture.app; sourceTree = BUILT_PRODUCTS_DIR; };
		77EADA8F2DCA1DEC0088A77E /* SwiftUIMVVMFolderArchitectureTests.xctest */ = {isa = PBXFileReference; explicitFileType = wrapper.cfbundle; includeInIndex = 0; path = SwiftUIMVVMFolderArchitectureTests.xctest; sourceTree = BUILT_PRODUCTS_DIR; };
		77EADA992DCA1DEC0088A77E /* SwiftUIMVVMFolderArchitectureUITests.xctest */ = {isa = PBXFileReference; explicitFileType = wrapper.cfbundle; includeInIndex = 0; path = SwiftUIMVVMFolderArchitectureUITests.xctest; sourceTree = BUILT_PRODUCTS_DIR; };
/* End PBXFileReference section */

/* Begin PBXFileSystemSynchronizedRootGroup section */
		77EADA842DCA1DE90088A77E /* SwiftUIMVVMFolderArchitecture */ = {
			isa = PBXFileSystemSynchronizedRootGroup;
			path = SwiftUIMVVMFolderArchitecture;
			sourceTree = "<group>";
		};
		77EADA922DCA1DEC0088A77E /* SwiftUIMVVMFolderArchitectureTests */ = {
			isa = PBXFileSystemSynchronizedRootGroup;
			path = SwiftUIMVVMFolderArchitectureTests;
			sourceTree = "<group>";
		};
		77EADA9C2DCA1DEC0088A77E /* SwiftUIMVVMFolderArchitectureUITests */ = {
			isa = PBXFileSystemSynchronizedRootGroup;
			path = SwiftUIMVVMFolderArchitectureUITests;
			sourceTree = "<group>";
		};
/* End PBXFileSystemSynchronizedRootGroup section */

/* Begin PBXFrameworksBuildPhase section */
		77EADA7F2DCA1DE90088A77E /* Frameworks */ = {
			isa = PBXFrameworksBuildPhase;
			buildActionMask = 2147483647;
			files = (
			);
			runOnlyForDeploymentPostprocessing = 0;
		};
		77EADA8C2DCA1DEC0088A77E /* Frameworks */ = {
			isa = PBXFrameworksBuildPhase;
			buildActionMask = 2147483647;
			files = (
			);
			runOnlyForDeploymentPostprocessing = 0;
		};
		77EADA962DCA1DEC0088A77E /* Frameworks */ = {
			isa = PBXFrameworksBuildPhase;
			buildActionMask = 2147483647;
			files = (
			);
			runOnlyForDeploymentPostprocessing = 0;
		};
/* End PBXFrameworksBuildPhase section */

/* Begin PBXGroup section */
		77EADA792DCA1DE90088A77E = {
			isa = PBXGroup;
			children = (
				77EADA842DCA1DE90088A77E /* SwiftUIMVVMFolderArchitecture */,
				77EADA922DCA1DEC0088A77E /* SwiftUIMVVMFolderArchitectureTests */,
				77EADA9C2DCA1DEC0088A77E /* SwiftUIMVVMFolderArchitectureUITests */,
				77EADA832DCA1DE90088A77E /* Products */,
			);
			sourceTree = "<group>";
		};
		77EADA832DCA1DE90088A77E /* Products */ = {
			isa = PBXGroup;
			children = (
				77EADA822DCA1DE90088A77E /* SwiftUIMVVMFolderArchitecture.app */,
				77EADA8F2DCA1DEC0088A77E /* SwiftUIMVVMFolderArchitectureTests.xctest */,
				77EADA992DCA1DEC0088A77E /* SwiftUIMVVMFolderArchitectureUITests.xctest */,
			);
			name = Products;
			sourceTree = "<group>";
		};
/* End PBXGroup section */

/* Begin PBXNativeTarget section */
		77EADA812DCA1DE90088A77E /* SwiftUIMVVMFolderArchitecture */ = {
			isa = PBXNativeTarget;
			buildConfigurationList = 77EADAA32DCA1DEC0088A77E /* Build configuration list for PBXNativeTarget "SwiftUIMVVMFolderArchitecture" */;
			buildPhases = (
				77EADA7E2DCA1DE90088A77E /* Sources */,
				77EADA7F2DCA1DE90088A77E /* Frameworks */,
				77EADA802DCA1DE90088A77E /* Resources */,
			);
			buildRules = (
			);
			dependencies = (
			);
			fileSystemSynchronizedGroups = (
				77EADA842DCA1DE90088A77E /* SwiftUIMVVMFolderArchitecture */,
			);
			name = SwiftUIMVVMFolderArchitecture;
			packageProductDependencies = (
			);
			productName = SwiftUIMVVMFolderArchitecture;
			productReference = 77EADA822DCA1DE90088A77E /* SwiftUIMVVMFolderArchitecture.app */;
			productType = "com.apple.product-type.application";
		};
		77EADA8E2DCA1DEC0088A77E /* SwiftUIMVVMFolderArchitectureTests */ = {
			isa = PBXNativeTarget;
			buildConfigurationList = 77EADAA62DCA1DEC0088A77E /* Build configuration list for PBXNativeTarget "SwiftUIMVVMFolderArchitectureTests" */;
			buildPhases = (
				77EADA8B2DCA1DEC0088A77E /* Sources */,
				77EADA8C2DCA1DEC0088A77E /* Frameworks */,
				77EADA8D2DCA1DEC0088A77E /* Resources */,
			);
			buildRules = (
			);
			dependencies = (
				77EADA912DCA1DEC0088A77E /* PBXTargetDependency */,
			);
			fileSystemSynchronizedGroups = (
				77EADA922DCA1DEC0088A77E /* SwiftUIMVVMFolderArchitectureTests */,
			);
			name = SwiftUIMVVMFolderArchitectureTests;
			packageProductDependencies = (
			);
			productName = SwiftUIMVVMFolderArchitectureTests;
			productReference = 77EADA8F2DCA1DEC0088A77E /* SwiftUIMVVMFolderArchitectureTests.xctest */;
			productType = "com.apple.product-type.bundle.unit-test";
		};
		77EADA982DCA1DEC0088A77E /* SwiftUIMVVMFolderArchitectureUITests */ = {
			isa = PBXNativeTarget;
			buildConfigurationList = 77EADAA92DCA1DEC0088A77E /* Build configuration list for PBXNativeTarget "SwiftUIMVVMFolderArchitectureUITests" */;
			buildPhases = (
				77EADA952DCA1DEC0088A77E /* Sources */,
				77EADA962DCA1DEC0088A77E /* Frameworks */,
				77EADA972DCA1DEC0088A77E /* Resources */,
			);
			buildRules = (
			);
			dependencies = (
				77EADA9B2DCA1DEC0088A77E /* PBXTargetDependency */,
			);
			fileSystemSynchronizedGroups = (
				77EADA9C2DCA1DEC0088A77E /* SwiftUIMVVMFolderArchitectureUITests */,
			);
			name = SwiftUIMVVMFolderArchitectureUITests;
			packageProductDependencies = (
			);
			productName = SwiftUIMVVMFolderArchitectureUITests;
			productReference = 77EADA992DCA1DEC0088A77E /* SwiftUIMVVMFolderArchitectureUITests.xctest */;
			productType = "com.apple.product-type.bundle.ui-testing";
		};
/* End PBXNativeTarget section */

/* Begin PBXProject section */
		77EADA7A2DCA1DE90088A77E /* Project object */ = {
			isa = PBXProject;
			attributes = {
				BuildIndependentTargetsInParallel = 1;
				LastSwiftUpdateCheck = 1630;
				LastUpgradeCheck = 1630;
				TargetAttributes = {
					77EADA812DCA1DE90088A77E = {
						CreatedOnToolsVersion = 16.3;
					};
					77EADA8E2DCA1DEC0088A77E = {
						CreatedOnToolsVersion = 16.3;
						TestTargetID = 77EADA812DCA1DE90088A77E;
					};
					77EADA982DCA1DEC0088A77E = {
						CreatedOnToolsVersion = 16.3;
						TestTargetID = 77EADA812DCA1DE90088A77E;
					};
				};
			};
			buildConfigurationList = 77EADA7D2DCA1DE90088A77E /* Build configuration list for PBXProject "SwiftUIMVVMFolderArchitecture" */;
			developmentRegion = en;
			hasScannedForEncodings = 0;
			knownRegions = (
				en,
				Base,
			);
			mainGroup = 77EADA792DCA1DE90088A77E;
			minimizedProjectReferenceProxies = 1;
			preferredProjectObjectVersion = 77;
			productRefGroup = 77EADA832DCA1DE90088A77E /* Products */;
			projectDirPath = "";
			projectRoot = "";
			targets = (
				77EADA812DCA1DE90088A77E /* SwiftUIMVVMFolderArchitecture */,
				77EADA8E2DCA1DEC0088A77E /* SwiftUIMVVMFolderArchitectureTests */,
				77EADA982DCA1DEC0088A77E /* SwiftUIMVVMFolderArchitectureUITests */,
			);
		};
/* End PBXProject section */

/* Begin PBXResourcesBuildPhase section */
		77EADA802DCA1DE90088A77E /* Resources */ = {
			isa = PBXResourcesBuildPhase;
			buildActionMask = 2147483647;
			files = (
			);
			runOnlyForDeploymentPostprocessing = 0;
		};
		77EADA8D2DCA1DEC0088A77E /* Resources */ = {
			isa = PBXResourcesBuildPhase;
			buildActionMask = 2147483647;
			files = (
			);
			runOnlyForDeploymentPostprocessing = 0;
		};
		77EADA972DCA1DEC0088A77E /* Resources */ = {
			isa = PBXResourcesBuildPhase;
			buildActionMask = 2147483647;
			files = (
			);
			runOnlyForDeploymentPostprocessing = 0;
		};
/* End PBXResourcesBuildPhase section */

/* Begin PBXSourcesBuildPhase section */
		77EADA7E2DCA1DE90088A77E /* Sources */ = {
			isa = PBXSourcesBuildPhase;
			buildActionMask = 2147483647;
			files = (
			);
			runOnlyForDeploymentPostprocessing = 0;
		};
		77EADA8B2DCA1DEC0088A77E /* Sources */ = {
			isa = PBXSourcesBuildPhase;
			buildActionMask = 2147483647;
			files = (
			);
			runOnlyForDeploymentPostprocessing = 0;
		};
		77EADA952DCA1DEC0088A77E /* Sources */ = {
			isa = PBXSourcesBuildPhase;
			buildActionMask = 2147483647;
			files = (
			);
			runOnlyForDeploymentPostprocessing = 0;
		};
/* End PBXSourcesBuildPhase section */

/* Begin PBXTargetDependency section */
		77EADA912DCA1DEC0088A77E /* PBXTargetDependency */ = {
			isa = PBXTargetDependency;
			target = 77EADA812DCA1DE90088A77E /* SwiftUIMVVMFolderArchitecture */;
			targetProxy = 77EADA902DCA1DEC0088A77E /* PBXContainerItemProxy */;
		};
		77EADA9B2DCA1DEC0088A77E /* PBXTargetDependency */ = {
			isa = PBXTargetDependency;
			target = 77EADA812DCA1DE90088A77E /* SwiftUIMVVMFolderArchitecture */;
			targetProxy = 77EADA9A2DCA1DEC0088A77E /* PBXContainerItemProxy */;
		};
/* End PBXTargetDependency section */

/* Begin XCBuildConfiguration section */
		77EADAA12DCA1DEC0088A77E /* Debug */ = {
			isa = XCBuildConfiguration;
			buildSettings = {
				ALWAYS_SEARCH_USER_PATHS = NO;
				ASSETCATALOG_COMPILER_GENERATE_SWIFT_ASSET_SYMBOL_EXTENSIONS = YES;
				CLANG_ANALYZER_NONNULL = YES;
				CLANG_ANALYZER_NUMBER_OBJECT_CONVERSION = YES_AGGRESSIVE;
				CLANG_CXX_LANGUAGE_STANDARD = "gnu++20";
				CLANG_ENABLE_MODULES = YES;
				CLANG_ENABLE_OBJC_ARC = YES;
				CLANG_ENABLE_OBJC_WEAK = YES;
				CLANG_WARN_BLOCK_CAPTURE_AUTORELEASING = YES;
				CLANG_WARN_BOOL_CONVERSION = YES;
				CLANG_WARN_COMMA = YES;
				CLANG_WARN_CONSTANT_CONVERSION = YES;
				CLANG_WARN_DEPRECATED_OBJC_IMPLEMENTATIONS = YES;
				CLANG_WARN_DIRECT_OBJC_ISA_USAGE = YES_ERROR;
				CLANG_WARN_DOCUMENTATION_COMMENTS = YES;
				CLANG_WARN_EMPTY_BODY = YES;
				CLANG_WARN_ENUM_CONVERSION = YES;
				CLANG_WARN_INFINITE_RECURSION = YES;
				CLANG_WARN_INT_CONVERSION = YES;
				CLANG_WARN_NON_LITERAL_NULL_CONVERSION = YES;
				CLANG_WARN_OBJC_IMPLICIT_RETAIN_SELF = YES;
				CLANG_WARN_OBJC_LITERAL_CONVERSION = YES;
				CLANG_WARN_OBJC_ROOT_CLASS = YES_ERROR;
				CLANG_WARN_QUOTED_INCLUDE_IN_FRAMEWORK_HEADER = YES;
				CLANG_WARN_RANGE_LOOP_ANALYSIS = YES;
				CLANG_WARN_STRICT_PROTOTYPES = YES;
				CLANG_WARN_SUSPICIOUS_MOVE = YES;
				CLANG_WARN_UNGUARDED_AVAILABILITY = YES_AGGRESSIVE;
				CLANG_WARN_UNREACHABLE_CODE = YES;
				CLANG_WARN__DUPLICATE_METHOD_MATCH = YES;
				COPY_PHASE_STRIP = NO;
				DEBUG_INFORMATION_FORMAT = dwarf;
				ENABLE_STRICT_OBJC_MSGSEND = YES;
				ENABLE_TESTABILITY = YES;
				ENABLE_USER_SCRIPT_SANDBOXING = YES;
				GCC_C_LANGUAGE_STANDARD = gnu17;
				GCC_DYNAMIC_NO_PIC = NO;
				GCC_NO_COMMON_BLOCKS = YES;
				GCC_OPTIMIZATION_LEVEL = 0;
				GCC_PREPROCESSOR_DEFINITIONS = (
					"DEBUG=1",
					"$(inherited)",
				);
				GCC_WARN_64_TO_32_BIT_CONVERSION = YES;
				GCC_WARN_ABOUT_RETURN_TYPE = YES_ERROR;
				GCC_WARN_UNDECLARED_SELECTOR = YES;
				GCC_WARN_UNINITIALIZED_AUTOS = YES_AGGRESSIVE;
				GCC_WARN_UNUSED_FUNCTION = YES;
				GCC_WARN_UNUSED_VARIABLE = YES;
				IPHONEOS_DEPLOYMENT_TARGET = 18.4;
				LOCALIZATION_PREFERS_STRING_CATALOGS = YES;
				MTL_ENABLE_DEBUG_INFO = INCLUDE_SOURCE;
				MTL_FAST_MATH = YES;
				ONLY_ACTIVE_ARCH = YES;
				SDKROOT = iphoneos;
				SWIFT_ACTIVE_COMPILATION_CONDITIONS = "DEBUG $(inherited)";
				SWIFT_OPTIMIZATION_LEVEL = "-Onone";
			};
			name = Debug;
		};
		77EADAA22DCA1DEC0088A77E /* Release */ = {
			isa = XCBuildConfiguration;
			buildSettings = {
				ALWAYS_SEARCH_USER_PATHS = NO;
				ASSETCATALOG_COMPILER_GENERATE_SWIFT_ASSET_SYMBOL_EXTENSIONS = YES;
				CLANG_ANALYZER_NONNULL = YES;
				CLANG_ANALYZER_NUMBER_OBJECT_CONVERSION = YES_AGGRESSIVE;
				CLANG_CXX_LANGUAGE_STANDARD = "gnu++20";
				CLANG_ENABLE_MODULES = YES;
				CLANG_ENABLE_OBJC_ARC = YES;
				CLANG_ENABLE_OBJC_WEAK = YES;
				CLANG_WARN_BLOCK_CAPTURE_AUTORELEASING = YES;
				CLANG_WARN_BOOL_CONVERSION = YES;
				CLANG_WARN_COMMA = YES;
				CLANG_WARN_CONSTANT_CONVERSION = YES;
				CLANG_WARN_DEPRECATED_OBJC_IMPLEMENTATIONS = YES;
				CLANG_WARN_DIRECT_OBJC_ISA_USAGE = YES_ERROR;
				CLANG_WARN_DOCUMENTATION_COMMENTS = YES;
				CLANG_WARN_EMPTY_BODY = YES;
				CLANG_WARN_ENUM_CONVERSION = YES;
				CLANG_WARN_INFINITE_RECURSION = YES;
				CLANG_WARN_INT_CONVERSION = YES;
				CLANG_WARN_NON_LITERAL_NULL_CONVERSION = YES;
				CLANG_WARN_OBJC_IMPLICIT_RETAIN_SELF = YES;
				CLANG_WARN_OBJC_LITERAL_CONVERSION = YES;
				CLANG_WARN_OBJC_ROOT_CLASS = YES_ERROR;
				CLANG_WARN_QUOTED_INCLUDE_IN_FRAMEWORK_HEADER = YES;
				CLANG_WARN_RANGE_LOOP_ANALYSIS = YES;
				CLANG_WARN_STRICT_PROTOTYPES = YES;
				CLANG_WARN_SUSPICIOUS_MOVE = YES;
				CLANG_WARN_UNGUARDED_AVAILABILITY = YES_AGGRESSIVE;
				CLANG_WARN_UNREACHABLE_CODE = YES;
				CLANG_WARN__DUPLICATE_METHOD_MATCH = YES;
				COPY_PHASE_STRIP = NO;
				DEBUG_INFORMATION_FORMAT = "dwarf-with-dsym";
				ENABLE_NS_ASSERTIONS = NO;
				ENABLE_STRICT_OBJC_MSGSEND = YES;
				ENABLE_USER_SCRIPT_SANDBOXING = YES;
				GCC_C_LANGUAGE_STANDARD = gnu17;
				GCC_NO_COMMON_BLOCKS = YES;
				GCC_WARN_64_TO_32_BIT_CONVERSION = YES;
				GCC_WARN_ABOUT_RETURN_TYPE = YES_ERROR;
				GCC_WARN_UNDECLARED_SELECTOR = YES;
				GCC_WARN_UNINITIALIZED_AUTOS = YES_AGGRESSIVE;
				GCC_WARN_UNUSED_FUNCTION = YES;
				GCC_WARN_UNUSED_VARIABLE = YES;
				IPHONEOS_DEPLOYMENT_TARGET = 18.4;
				LOCALIZATION_PREFERS_STRING_CATALOGS = YES;
				MTL_ENABLE_DEBUG_INFO = NO;
				MTL_FAST_MATH = YES;
				SDKROOT = iphoneos;
				SWIFT_COMPILATION_MODE = wholemodule;
				VALIDATE_PRODUCT = YES;
			};
			name = Release;
		};
		77EADAA42DCA1DEC0088A77E /* Debug */ = {
			isa = XCBuildConfiguration;
			buildSettings = {
				ASSETCATALOG_COMPILER_APPICON_NAME = AppIcon;
				ASSETCATALOG_COMPILER_GLOBAL_ACCENT_COLOR_NAME = AccentColor;
				CODE_SIGN_STYLE = Automatic;
				CURRENT_PROJECT_VERSION = 1;
				ENABLE_PREVIEWS = YES;
				GENERATE_INFOPLIST_FILE = YES;
				INFOPLIST_KEY_UIApplicationSceneManifest_Generation = YES;
				INFOPLIST_KEY_UIApplicationSupportsIndirectInputEvents = YES;
				INFOPLIST_KEY_UILaunchScreen_Generation = YES;
				INFOPLIST_KEY_UISupportedInterfaceOrientations_iPad = "UIInterfaceOrientationPortrait UIInterfaceOrientationPortraitUpsideDown UIInterfaceOrientationLandscapeLeft UIInterfaceOrientationLandscapeRight";
				INFOPLIST_KEY_UISupportedInterfaceOrientations_iPhone = "UIInterfaceOrientationPortrait UIInterfaceOrientationLandscapeLeft UIInterfaceOrientationLandscapeRight";
				LD_RUNPATH_SEARCH_PATHS = (
					"$(inherited)",
					"@executable_path/Frameworks",
				);
				MARKETING_VERSION = 1.0;
				PRODUCT_BUNDLE_IDENTIFIER = com.msrahman.SwiftUIMVVMFolderArchitecture;
				PRODUCT_NAME = "$(TARGET_NAME)";
				SWIFT_EMIT_LOC_STRINGS = YES;
				SWIFT_VERSION = 5.0;
				TARGETED_DEVICE_FAMILY = "1,2";
			};
			name = Debug;
		};
		77EADAA52DCA1DEC0088A77E /* Release */ = {
			isa = XCBuildConfiguration;
			buildSettings = {
				ASSETCATALOG_COMPILER_APPICON_NAME = AppIcon;
				ASSETCATALOG_COMPILER_GLOBAL_ACCENT_COLOR_NAME = AccentColor;
				CODE_SIGN_STYLE = Automatic;
				CURRENT_PROJECT_VERSION = 1;
				ENABLE_PREVIEWS = YES;
				GENERATE_INFOPLIST_FILE = YES;
				INFOPLIST_KEY_UIApplicationSceneManifest_Generation = YES;
				INFOPLIST_KEY_UIApplicationSupportsIndirectInputEvents = YES;
				INFOPLIST_KEY_UILaunchScreen_Generation = YES;
				INFOPLIST_KEY_UISupportedInterfaceOrientations_iPad = "UIInterfaceOrientationPortrait UIInterfaceOrientationPortraitUpsideDown UIInterfaceOrientationLandscapeLeft UIInterfaceOrientationLandscapeRight";
				INFOPLIST_KEY_UISupportedInterfaceOrientations_iPhone = "UIInterfaceOrientationPortrait UIInterfaceOrientationLandscapeLeft UIInterfaceOrientationLandscapeRight";
				LD_RUNPATH_SEARCH_PATHS = (
					"$(inherited)",
					"@executable_path/Frameworks",
				);
				MARKETING_VERSION = 1.0;
				PRODUCT_BUNDLE_IDENTIFIER = com.msrahman.SwiftUIMVVMFolderArchitecture;
				PRODUCT_NAME = "$(TARGET_NAME)";
				SWIFT_EMIT_LOC_STRINGS = YES;
				SWIFT_VERSION = 5.0;
				TARGETED_DEVICE_FAMILY = "1,2";
			};
			name = Release;
		};
		77EADAA72DCA1DEC0088A77E /* Debug */ = {
			isa = XCBuildConfiguration;
			buildSettings = {
				BUNDLE_LOADER = "$(TEST_HOST)";
				CODE_SIGN_STYLE = Automatic;
				CURRENT_PROJECT_VERSION = 1;
				GENERATE_INFOPLIST_FILE = YES;
				IPHONEOS_DEPLOYMENT_TARGET = 18.4;
				MARKETING_VERSION = 1.0;
				PRODUCT_BUNDLE_IDENTIFIER = com.msrahman.SwiftUIMVVMFolderArchitectureTests;
				PRODUCT_NAME = "$(TARGET_NAME)";
				SWIFT_EMIT_LOC_STRINGS = NO;
				SWIFT_VERSION = 5.0;
				TARGETED_DEVICE_FAMILY = "1,2";
				TEST_HOST = "$(BUILT_PRODUCTS_DIR)/SwiftUIMVVMFolderArchitecture.app/$(BUNDLE_EXECUTABLE_FOLDER_PATH)/SwiftUIMVVMFolderArchitecture";
			};
			name = Debug;
		};
		77EADAA82DCA1DEC0088A77E /* Release */ = {
			isa = XCBuildConfiguration;
			buildSettings = {
				BUNDLE_LOADER = "$(TEST_HOST)";
				CODE_SIGN_STYLE = Automatic;
				CURRENT_PROJECT_VERSION = 1;
				GENERATE_INFOPLIST_FILE = YES;
				IPHONEOS_DEPLOYMENT_TARGET = 18.4;
				MARKETING_VERSION = 1.0;
				PRODUCT_BUNDLE_IDENTIFIER = com.msrahman.SwiftUIMVVMFolderArchitectureTests;
				PRODUCT_NAME = "$(TARGET_NAME)";
				SWIFT_EMIT_LOC_STRINGS = NO;
				SWIFT_VERSION = 5.0;
				TARGETED_DEVICE_FAMILY = "1,2";
				TEST_HOST = "$(BUILT_PRODUCTS_DIR)/SwiftUIMVVMFolderArchitecture.app/$(BUNDLE_EXECUTABLE_FOLDER_PATH)/SwiftUIMVVMFolderArchitecture";
			};
			name = Release;
		};
		77EADAAA2DCA1DEC0088A77E /* Debug */ = {
			isa = XCBuildConfiguration;
			buildSettings = {
				CODE_SIGN_STYLE = Automatic;
				CURRENT_PROJECT_VERSION = 1;
				GENERATE_INFOPLIST_FILE = YES;
				MARKETING_VERSION = 1.0;
				PRODUCT_BUNDLE_IDENTIFIER = com.msrahman.SwiftUIMVVMFolderArchitectureUITests;
				PRODUCT_NAME = "$(TARGET_NAME)";
				SWIFT_EMIT_LOC_STRINGS = NO;
				SWIFT_VERSION = 5.0;
				TARGETED_DEVICE_FAMILY = "1,2";
				TEST_TARGET_NAME = SwiftUIMVVMFolderArchitecture;
			};
			name = Debug;
		};
		77EADAAB2DCA1DEC0088A77E /* Release */ = {
			isa = XCBuildConfiguration;
			buildSettings = {
				CODE_SIGN_STYLE = Automatic;
				CURRENT_PROJECT_VERSION = 1;
				GENERATE_INFOPLIST_FILE = YES;
				MARKETING_VERSION = 1.0;
				PRODUCT_BUNDLE_IDENTIFIER = com.msrahman.SwiftUIMVVMFolderArchitectureUITests;
				PRODUCT_NAME = "$(TARGET_NAME)";
				SWIFT_EMIT_LOC_STRINGS = NO;
				SWIFT_VERSION = 5.0;
				TARGETED_DEVICE_FAMILY = "1,2";
				TEST_TARGET_NAME = SwiftUIMVVMFolderArchitecture;
			};
			name = Release;
		};
/* End XCBuildConfiguration section */

/* Begin XCConfigurationList section */
		77EADA7D2DCA1DE90088A77E /* Build configuration list for PBXProject "SwiftUIMVVMFolderArchitecture" */ = {
			isa = XCConfigurationList;
			buildConfigurations = (
				77EADAA12DCA1DEC0088A77E /* Debug */,
				77EADAA22DCA1DEC0088A77E /* Release */,
			);
			defaultConfigurationIsVisible = 0;
			defaultConfigurationName = Release;
		};
		77EADAA32DCA1DEC0088A77E /* Build configuration list for PBXNativeTarget "SwiftUIMVVMFolderArchitecture" */ = {
			isa = XCConfigurationList;
			buildConfigurations = (
				77EADAA42DCA1DEC0088A77E /* Debug */,
				77EADAA52DCA1DEC0088A77E /* Release */,
			);
			defaultConfigurationIsVisible = 0;
			defaultConfigurationName = Release;
		};
		77EADAA62DCA1DEC0088A77E /* Build configuration list for PBXNativeTarget "SwiftUIMVVMFolderArchitectureTests" */ = {
			isa = XCConfigurationList;
			buildConfigurations = (
				77EADAA72DCA1DEC0088A77E /* Debug */,
				77EADAA82DCA1DEC0088A77E /* Release */,
			);
			defaultConfigurationIsVisible = 0;
			defaultConfigurationName = Release;
		};
		77EADAA92DCA1DEC0088A77E /* Build configuration list for PBXNativeTarget "SwiftUIMVVMFolderArchitectureUITests" */ = {
			isa = XCConfigurationList;
			buildConfigurations = (
				77EADAAA2DCA1DEC0088A77E /* Debug */,
				77EADAAB2DCA1DEC0088A77E /* Release */,
			);
			defaultConfigurationIsVisible = 0;
			defaultConfigurationName = Release;
		};
/* End XCConfigurationList section */
	};
	rootObject = 77EADA7A2DCA1DE90088A77E /* Project object */;
}
